
Microsoft Visual Studio Solution File, Format Version 12.00
# Visual Studio Version 17
VisualStudioVersion = 17.6.33815.320
MinimumVisualStudioVersion = 10.0.40219.1
Project("{FAE04EC0-301F-11D3-BF4B-00C04F79EFBC}") = "FactoryMethod", "FactoryMethod\FactoryMethod.csproj", "{F83AE611-D99B-4C63-88AA-FDE2B3C5CC60}"
EndProject
Project("{FAE04EC0-301F-11D3-BF4B-00C04F79EFBC}") = "AbstractFactory", "AbstractFactory\AbstractFactory.csproj", "{DAB3A96C-7D54-45A8-9B6C-1E688C214504}"
EndProject
Project("{FAE04EC0-301F-11D3-BF4B-00C04F79EFBC}") = "Builder", "Builder\Builder.csproj", "{4A2B1981-0D06-44BC-B1AA-5478B8FA95F1}"
EndProject
Project("{FAE04EC0-301F-11D3-BF4B-00C04F79EFBC}") = "Adapter", "Adapter\Adapter.csproj", "{630C542C-8DD2-4978-9CF6-5E8369DE37C4}"
EndProject
Project("{FAE04EC0-301F-11D3-BF4B-00C04F79EFBC}") = "Bridge", "Bridge\Bridge.csproj", "{2259F480-6DC3-4B9A-BE4E-E87B1FF7491E}"
EndProject
Project("{FAE04EC0-301F-11D3-BF4B-00C04F79EFBC}") = "ChainOfResponsibility", "ChainOfResponsibility\ChainOfResponsibility.csproj", "{8EA7BC27-D72C-44D4-9DBC-185AA4BC297E}"
EndProject
Global
	GlobalSection(SolutionConfigurationPlatforms) = preSolution
		Debug|Any CPU = Debug|Any CPU
		Release|Any CPU = Release|Any CPU
	EndGlobalSection
	GlobalSection(ProjectConfigurationPlatforms) = postSolution
		{F83AE611-D99B-4C63-88AA-FDE2B3C5CC60}.Debug|Any CPU.ActiveCfg = Debug|Any CPU
		{F83AE611-D99B-4C63-88AA-FDE2B3C5CC60}.Debug|Any CPU.Build.0 = Debug|Any CPU
		{F83AE611-D99B-4C63-88AA-FDE2B3C5CC60}.Release|Any CPU.ActiveCfg = Release|Any CPU
		{F83AE611-D99B-4C63-88AA-FDE2B3C5CC60}.Release|Any CPU.Build.0 = Release|Any CPU
		{DAB3A96C-7D54-45A8-9B6C-1E688C214504}.Debug|Any CPU.ActiveCfg = Debug|Any CPU
		{DAB3A96C-7D54-45A8-9B6C-1E688C214504}.Debug|Any CPU.Build.0 = Debug|Any CPU
		{DAB3A96C-7D54-45A8-9B6C-1E688C214504}.Release|Any CPU.ActiveCfg = Release|Any CPU
		{DAB3A96C-7D54-45A8-9B6C-1E688C214504}.Release|Any CPU.Build.0 = Release|Any CPU
		{4A2B1981-0D06-44BC-B1AA-5478B8FA95F1}.Debug|Any CPU.ActiveCfg = Debug|Any CPU
		{4A2B1981-0D06-44BC-B1AA-5478B8FA95F1}.Debug|Any CPU.Build.0 = Debug|Any CPU
		{4A2B1981-0D06-44BC-B1AA-5478B8FA95F1}.Release|Any CPU.ActiveCfg = Release|Any CPU
		{4A2B1981-0D06-44BC-B1AA-5478B8FA95F1}.Release|Any CPU.Build.0 = Release|Any CPU
		{630C542C-8DD2-4978-9CF6-5E8369DE37C4}.Debug|Any CPU.ActiveCfg = Debug|Any CPU
		{630C542C-8DD2-4978-9CF6-5E8369DE37C4}.Debug|Any CPU.Build.0 = Debug|Any CPU
		{630C542C-8DD2-4978-9CF6-5E8369DE37C4}.Release|Any CPU.ActiveCfg = Release|Any CPU
		{630C542C-8DD2-4978-9CF6-5E8369DE37C4}.Release|Any CPU.Build.0 = Release|Any CPU
		{2259F480-6DC3-4B9A-BE4E-E87B1FF7491E}.Debug|Any CPU.ActiveCfg = Debug|Any CPU
		{2259F480-6DC3-4B9A-BE4E-E87B1FF7491E}.Debug|Any CPU.Build.0 = Debug|Any CPU
		{2259F480-6DC3-4B9A-BE4E-E87B1FF7491E}.Release|Any CPU.ActiveCfg = Release|Any CPU
		{2259F480-6DC3-4B9A-BE4E-E87B1FF7491E}.Release|Any CPU.Build.0 = Release|Any CPU
		{8EA7BC27-D72C-44D4-9DBC-185AA4BC297E}.Debug|Any CPU.ActiveCfg = Debug|Any CPU
		{8EA7BC27-D72C-44D4-9DBC-185AA4BC297E}.Debug|Any CPU.Build.0 = Debug|Any CPU
		{8EA7BC27-D72C-44D4-9DBC-185AA4BC297E}.Release|Any CPU.ActiveCfg = Release|Any CPU
		{8EA7BC27-D72C-44D4-9DBC-185AA4BC297E}.Release|Any CPU.Build.0 = Release|Any CPU
	EndGlobalSection
	GlobalSection(SolutionProperties) = preSolution
		HideSolutionNode = FALSE
	EndGlobalSection
	GlobalSection(ExtensibilityGlobals) = postSolution
		SolutionGuid = {AE0F04F5-337D-408F-882B-BBC37105F755}
	EndGlobalSection
EndGlobal
